PODS:
  - GVRSDK (1.0.0)
  - Starscream (2.0.0)

DEPENDENCIES:
  - GVRSDK (~> 1.0)
  - Starscream (~> 2.0)

SPEC CHECKSUMS:
  GVRSDK: 628f22b46ee93c96b1fc0f799a88e0755038533d
  Starscream: 947c865596f0d6bb3f0203fee23228ed2d471468

PODFILE CHECKSUM: 4952fb4727d3418dcabc806bc725be3b57c8d965

COCOAPODS: 1.0.1
