PODS:
  - GVRSDK (1.0.0)
  - Starscream (1.1.3)
  - SwiftPi (0.0.1)

DEPENDENCIES:
  - GVRSDK
  - Starscream (~> 1.1)
  - SwiftPi

SPEC CHECKSUMS:
  GVRSDK: 628f22b46ee93c96b1fc0f799a88e0755038533d
  Starscream: d662732354b40dd19ed1ece3e3c44c80b536b83c
  SwiftPi: 98b7355f2b398568cefcf4dd28b077326ece2d12

PODFILE CHECKSUM: 0144df78e8ba325fc5a2fda385dcfb4b383fd6d2

COCOAPODS: 1.0.1
